// !$*UTF8*$!
{
	archiveVersion = 1;
	classes = {
	};
	objectVersion = 52;
	objects = {

/* Begin PBXAggregateTarget section */
		24416B8111C4CA220047AFDD /* Build & Test */ = {
			isa = PBXAggregateTarget;
			buildConfigurationList = 24416B8A11C4CA520047AFDD /* Build configuration list for PBXAggregateTarget "Build & Test" */;
			buildPhases = (
				24416B8011C4CA220047AFDD /* ShellScript */,
			);
			dependencies = (
				24416B8511C4CA280047AFDD /* PBXTargetDependency */,
			);
			name = "Build & Test";
			productName = "Build & test";
		};
/* End PBXAggregateTarget section */

/* Begin PBXBuildFile section */
		24DD6CF91134B3F500162E58 /* DeMarcbenderSortablegridModule.h in Headers */ = {isa = PBXBuildFile; fileRef = 24DD6CF71134B3F500162E58 /* DeMarcbenderSortablegridModule.h */; };
		24DD6CFA1134B3F500162E58 /* DeMarcbenderSortablegridModule.m in Sources */ = {isa = PBXBuildFile; fileRef = 24DD6CF81134B3F500162E58 /* DeMarcbenderSortablegridModule.m */; };
		24DE9E1111C5FE74003F90F6 /* DeMarcbenderSortablegridModuleAssets.h in Headers */ = {isa = PBXBuildFile; fileRef = 24DE9E0F11C5FE74003F90F6 /* DeMarcbenderSortablegridModuleAssets.h */; };
		24DE9E1211C5FE74003F90F6 /* DeMarcbenderSortablegridModuleAssets.m in Sources */ = {isa = PBXBuildFile; fileRef = 24DE9E1011C5FE74003F90F6 /* DeMarcbenderSortablegridModuleAssets.m */; };
		2C07CD1F2769654A0002D8F0 /* BMDragCellCollectionView.m in Sources */ = {isa = PBXBuildFile; fileRef = 2C07CD1D2769654A0002D8F0 /* BMDragCellCollectionView.m */; };
		2C07CD202769654A0002D8F0 /* BMDragCellCollectionView.h in Headers */ = {isa = PBXBuildFile; fileRef = 2C07CD1E2769654A0002D8F0 /* BMDragCellCollectionView.h */; };
		2C07CD33276982C20002D8F0 /* BMDragCollectionViewCell.h in Headers */ = {isa = PBXBuildFile; fileRef = 2C07CD31276982C20002D8F0 /* BMDragCollectionViewCell.h */; };
		2C07CD34276982C20002D8F0 /* BMDragCollectionViewCell.m in Sources */ = {isa = PBXBuildFile; fileRef = 2C07CD32276982C20002D8F0 /* BMDragCollectionViewCell.m */; };
		2C393A18276D25E500886884 /* XHWaterfallFlowLayout.h in Headers */ = {isa = PBXBuildFile; fileRef = 2C393A16276D25E500886884 /* XHWaterfallFlowLayout.h */; };
		2C393A19276D25E500886884 /* XHWaterfallFlowLayout.m in Sources */ = {isa = PBXBuildFile; fileRef = 2C393A17276D25E500886884 /* XHWaterfallFlowLayout.m */; };
		2C9928F227595203000DEFDD /* DeMarcbenderSortablegridView.m in Sources */ = {isa = PBXBuildFile; fileRef = 2C9928EA27595203000DEFDD /* DeMarcbenderSortablegridView.m */; };
		2C9928F327595203000DEFDD /* DeMarcbenderSortablegridView.h in Headers */ = {isa = PBXBuildFile; fileRef = 2C9928EB27595203000DEFDD /* DeMarcbenderSortablegridView.h */; };
		2C9928F727595203000DEFDD /* DeMarcbenderSortablegridViewProxy.m in Sources */ = {isa = PBXBuildFile; fileRef = 2C9928EF27595203000DEFDD /* DeMarcbenderSortablegridViewProxy.m */; };
		2C9928F827595203000DEFDD /* DeMarcbenderSortablegridViewProxy.h in Headers */ = {isa = PBXBuildFile; fileRef = 2C9928F027595203000DEFDD /* DeMarcbenderSortablegridViewProxy.h */; };
		2CB10A51276FA51D00714E70 /* DeMarcbenderSortablegridItemProxy.h in Headers */ = {isa = PBXBuildFile; fileRef = 2CB10A4D276FA51C00714E70 /* DeMarcbenderSortablegridItemProxy.h */; };
		2CB10A52276FA51D00714E70 /* DeMarcbenderSortablegridItemProxy.m in Sources */ = {isa = PBXBuildFile; fileRef = 2CB10A4E276FA51C00714E70 /* DeMarcbenderSortablegridItemProxy.m */; };
		2CB10A53276FA51D00714E70 /* DeMarcbenderSortablegridItem.m in Sources */ = {isa = PBXBuildFile; fileRef = 2CB10A4F276FA51C00714E70 /* DeMarcbenderSortablegridItem.m */; };
		2CB10A54276FA51D00714E70 /* DeMarcbenderSortablegridItem.h in Headers */ = {isa = PBXBuildFile; fileRef = 2CB10A50276FA51C00714E70 /* DeMarcbenderSortablegridItem.h */; };
		AA747D9F0F9514B9006C5449 /* DeMarcbenderSortablegrid_Prefix.pch in Headers */ = {isa = PBXBuildFile; fileRef = AA747D9E0F9514B9006C5449 /* DeMarcbenderSortablegrid_Prefix.pch */; };
		AACBBE4A0F95108600F1A2B1 /* Foundation.framework in Frameworks */ = {isa = PBXBuildFile; fileRef = AACBBE490F95108600F1A2B1 /* Foundation.framework */; };
		B11E042C241AC5C100EFA7DC /* TitaniumKit.xcframework in Frameworks */ = {isa = PBXBuildFile; fileRef = B11E042B241AC5C100EFA7DC /* TitaniumKit.xcframework */; };
/* End PBXBuildFile section */

/* Begin PBXContainerItemProxy section */
		24416B8411C4CA280047AFDD /* PBXContainerItemProxy */ = {
			isa = PBXContainerItemProxy;
			containerPortal = 0867D690FE84028FC02AAC07 /* Project object */;
			proxyType = 1;
			remoteGlobalIDString = D2AAC07D0554694100DB518D;
			remoteInfo = ti.sortablegrid;
		};
/* End PBXContainerItemProxy section */

/* Begin PBXFileReference section */
		24DD6CF71134B3F500162E58 /* DeMarcbenderSortablegridModule.h */ = {isa = PBXFileReference; fileEncoding = 4; lastKnownFileType = sourcecode.c.h; name = DeMarcbenderSortablegridModule.h; path = Classes/DeMarcbenderSortablegridModule.h; sourceTree = "<group>"; };
		24DD6CF81134B3F500162E58 /* DeMarcbenderSortablegridModule.m */ = {isa = PBXFileReference; fileEncoding = 4; lastKnownFileType = sourcecode.c.objc; name = DeMarcbenderSortablegridModule.m; path = Classes/DeMarcbenderSortablegridModule.m; sourceTree = "<group>"; };
		24DD6D1B1134B66800162E58 /* titanium.xcconfig */ = {isa = PBXFileReference; fileEncoding = 4; lastKnownFileType = text.xcconfig; path = titanium.xcconfig; sourceTree = "<group>"; };
		24DE9E0F11C5FE74003F90F6 /* DeMarcbenderSortablegridModuleAssets.h */ = {isa = PBXFileReference; fileEncoding = 4; lastKnownFileType = sourcecode.c.h; name = DeMarcbenderSortablegridModuleAssets.h; path = Classes/DeMarcbenderSortablegridModuleAssets.h; sourceTree = "<group>"; };
		24DE9E1011C5FE74003F90F6 /* DeMarcbenderSortablegridModuleAssets.m */ = {isa = PBXFileReference; fileEncoding = 4; lastKnownFileType = sourcecode.c.objc; name = DeMarcbenderSortablegridModuleAssets.m; path = Classes/DeMarcbenderSortablegridModuleAssets.m; sourceTree = "<group>"; };
		2C07CD1D2769654A0002D8F0 /* BMDragCellCollectionView.m */ = {isa = PBXFileReference; fileEncoding = 4; lastKnownFileType = sourcecode.c.objc; name = BMDragCellCollectionView.m; path = Classes/BMDragCellCollectionView.m; sourceTree = "<group>"; };
		2C07CD1E2769654A0002D8F0 /* BMDragCellCollectionView.h */ = {isa = PBXFileReference; fileEncoding = 4; lastKnownFileType = sourcecode.c.h; name = BMDragCellCollectionView.h; path = Classes/BMDragCellCollectionView.h; sourceTree = "<group>"; };
		2C07CD31276982C20002D8F0 /* BMDragCollectionViewCell.h */ = {isa = PBXFileReference; fileEncoding = 4; lastKnownFileType = sourcecode.c.h; name = BMDragCollectionViewCell.h; path = Classes/BMDragCollectionViewCell.h; sourceTree = "<group>"; };
		2C07CD32276982C20002D8F0 /* BMDragCollectionViewCell.m */ = {isa = PBXFileReference; fileEncoding = 4; lastKnownFileType = sourcecode.c.objc; name = BMDragCollectionViewCell.m; path = Classes/BMDragCollectionViewCell.m; sourceTree = "<group>"; };
		2C393A16276D25E500886884 /* XHWaterfallFlowLayout.h */ = {isa = PBXFileReference; fileEncoding = 4; lastKnownFileType = sourcecode.c.h; name = XHWaterfallFlowLayout.h; path = Classes/XHWaterfallFlowLayout.h; sourceTree = "<group>"; };
		2C393A17276D25E500886884 /* XHWaterfallFlowLayout.m */ = {isa = PBXFileReference; fileEncoding = 4; lastKnownFileType = sourcecode.c.objc; name = XHWaterfallFlowLayout.m; path = Classes/XHWaterfallFlowLayout.m; sourceTree = "<group>"; };
		2C9928EA27595203000DEFDD /* DeMarcbenderSortablegridView.m */ = {isa = PBXFileReference; fileEncoding = 4; lastKnownFileType = sourcecode.c.objc; name = DeMarcbenderSortablegridView.m; path = Classes/DeMarcbenderSortablegridView.m; sourceTree = "<group>"; };
		2C9928EB27595203000DEFDD /* DeMarcbenderSortablegridView.h */ = {isa = PBXFileReference; fileEncoding = 4; lastKnownFileType = sourcecode.c.h; name = DeMarcbenderSortablegridView.h; path = Classes/DeMarcbenderSortablegridView.h; sourceTree = "<group>"; };
		2C9928EF27595203000DEFDD /* DeMarcbenderSortablegridViewProxy.m */ = {isa = PBXFileReference; fileEncoding = 4; lastKnownFileType = sourcecode.c.objc; name = DeMarcbenderSortablegridViewProxy.m; path = Classes/DeMarcbenderSortablegridViewProxy.m; sourceTree = "<group>"; };
		2C9928F027595203000DEFDD /* DeMarcbenderSortablegridViewProxy.h */ = {isa = PBXFileReference; fileEncoding = 4; lastKnownFileType = sourcecode.c.h; name = DeMarcbenderSortablegridViewProxy.h; path = Classes/DeMarcbenderSortablegridViewProxy.h; sourceTree = "<group>"; };
		2CB10A4D276FA51C00714E70 /* DeMarcbenderSortablegridItemProxy.h */ = {isa = PBXFileReference; fileEncoding = 4; lastKnownFileType = sourcecode.c.h; name = DeMarcbenderSortablegridItemProxy.h; path = Classes/DeMarcbenderSortablegridItemProxy.h; sourceTree = "<group>"; };
		2CB10A4E276FA51C00714E70 /* DeMarcbenderSortablegridItemProxy.m */ = {isa = PBXFileReference; fileEncoding = 4; lastKnownFileType = sourcecode.c.objc; name = DeMarcbenderSortablegridItemProxy.m; path = Classes/DeMarcbenderSortablegridItemProxy.m; sourceTree = "<group>"; };
		2CB10A4F276FA51C00714E70 /* DeMarcbenderSortablegridItem.m */ = {isa = PBXFileReference; fileEncoding = 4; lastKnownFileType = sourcecode.c.objc; name = DeMarcbenderSortablegridItem.m; path = Classes/DeMarcbenderSortablegridItem.m; sourceTree = "<group>"; };
		2CB10A50276FA51C00714E70 /* DeMarcbenderSortablegridItem.h */ = {isa = PBXFileReference; fileEncoding = 4; lastKnownFileType = sourcecode.c.h; name = DeMarcbenderSortablegridItem.h; path = Classes/DeMarcbenderSortablegridItem.h; sourceTree = "<group>"; };
		AA747D9E0F9514B9006C5449 /* DeMarcbenderSortablegrid_Prefix.pch */ = {isa = PBXFileReference; fileEncoding = 4; lastKnownFileType = sourcecode.c.h; path = DeMarcbenderSortablegrid_Prefix.pch; sourceTree = SOURCE_ROOT; };
		AACBBE490F95108600F1A2B1 /* Foundation.framework */ = {isa = PBXFileReference; lastKnownFileType = wrapper.framework; name = Foundation.framework; path = System/Library/Frameworks/Foundation.framework; sourceTree = SDKROOT; };
		B11E042B241AC5C100EFA7DC /* TitaniumKit.xcframework */ = {isa = PBXFileReference; lastKnownFileType = wrapper.xcframework; name = TitaniumKit.xcframework; path = "$(TITANIUM_SDK)/iphone/Frameworks/TitaniumKit.xcframework"; sourceTree = "<group>"; };
		D2AAC07E0554694100DB518D /* libde.marcbender.sortablegrid.a */ = {isa = PBXFileReference; explicitFileType = archive.ar; includeInIndex = 0; path = libde.marcbender.sortablegrid.a; sourceTree = BUILT_PRODUCTS_DIR; };
/* End PBXFileReference section */

/* Begin PBXFrameworksBuildPhase section */
		D2AAC07C0554694100DB518D /* Frameworks */ = {
			isa = PBXFrameworksBuildPhase;
			buildActionMask = 2147483647;
			files = (
				AACBBE4A0F95108600F1A2B1 /* Foundation.framework in Frameworks */,
				B11E042C241AC5C100EFA7DC /* TitaniumKit.xcframework in Frameworks */,
			);
			runOnlyForDeploymentPostprocessing = 0;
		};
/* End PBXFrameworksBuildPhase section */

/* Begin PBXGroup section */
		034768DFFF38A50411DB9C8B /* Products */ = {
			isa = PBXGroup;
			children = (
				D2AAC07E0554694100DB518D /* libde.marcbender.sortablegrid.a */,
			);
			name = Products;
			sourceTree = "<group>";
		};
		0867D691FE84028FC02AAC07 /* ti.sortablegrid */ = {
			isa = PBXGroup;
			children = (
				08FB77AEFE84172EC02AAC07 /* Classes */,
				32C88DFF0371C24200C91783 /* Other Sources */,
				0867D69AFE84028FC02AAC07 /* Frameworks */,
				034768DFFF38A50411DB9C8B /* Products */,
			);
			name = ti.sortablegrid;
			sourceTree = "<group>";
		};
		0867D69AFE84028FC02AAC07 /* Frameworks */ = {
			isa = PBXGroup;
			children = (
				B11E042B241AC5C100EFA7DC /* TitaniumKit.xcframework */,
				AACBBE490F95108600F1A2B1 /* Foundation.framework */,
			);
			name = Frameworks;
			sourceTree = "<group>";
		};
		08FB77AEFE84172EC02AAC07 /* Classes */ = {
			isa = PBXGroup;
			children = (
				2C393A16276D25E500886884 /* XHWaterfallFlowLayout.h */,
				2CB10A50276FA51C00714E70 /* DeMarcbenderSortablegridItem.h */,
				2CB10A4F276FA51C00714E70 /* DeMarcbenderSortablegridItem.m */,
				2CB10A4D276FA51C00714E70 /* DeMarcbenderSortablegridItemProxy.h */,
				2CB10A4E276FA51C00714E70 /* DeMarcbenderSortablegridItemProxy.m */,
				2C393A17276D25E500886884 /* XHWaterfallFlowLayout.m */,
				2C07CD31276982C20002D8F0 /* BMDragCollectionViewCell.h */,
				2C07CD32276982C20002D8F0 /* BMDragCollectionViewCell.m */,
				2C07CD1E2769654A0002D8F0 /* BMDragCellCollectionView.h */,
				2C07CD1D2769654A0002D8F0 /* BMDragCellCollectionView.m */,
				24DE9E0F11C5FE74003F90F6 /* DeMarcbenderSortablegridModuleAssets.h */,
				24DE9E1011C5FE74003F90F6 /* DeMarcbenderSortablegridModuleAssets.m */,
				24DD6CF71134B3F500162E58 /* DeMarcbenderSortablegridModule.h */,
				24DD6CF81134B3F500162E58 /* DeMarcbenderSortablegridModule.m */,
				2C9928EB27595203000DEFDD /* DeMarcbenderSortablegridView.h */,
				2C9928EA27595203000DEFDD /* DeMarcbenderSortablegridView.m */,
				2C9928F027595203000DEFDD /* DeMarcbenderSortablegridViewProxy.h */,
				2C9928EF27595203000DEFDD /* DeMarcbenderSortablegridViewProxy.m */,
			);
			name = Classes;
			sourceTree = "<group>";
		};
		32C88DFF0371C24200C91783 /* Other Sources */ = {
			isa = PBXGroup;
			children = (
				AA747D9E0F9514B9006C5449 /* DeMarcbenderSortablegrid_Prefix.pch */,
				24DD6D1B1134B66800162E58 /* titanium.xcconfig */,
			);
			name = "Other Sources";
			sourceTree = "<group>";
		};
/* End PBXGroup section */

/* Begin PBXHeadersBuildPhase section */
		D2AAC07A0554694100DB518D /* Headers */ = {
			isa = PBXHeadersBuildPhase;
			buildActionMask = 2147483647;
			files = (
				2CB10A54276FA51D00714E70 /* DeMarcbenderSortablegridItem.h in Headers */,
				AA747D9F0F9514B9006C5449 /* DeMarcbenderSortablegrid_Prefix.pch in Headers */,
				2C9928F327595203000DEFDD /* DeMarcbenderSortablegridView.h in Headers */,
				24DD6CF91134B3F500162E58 /* DeMarcbenderSortablegridModule.h in Headers */,
				2C393A18276D25E500886884 /* XHWaterfallFlowLayout.h in Headers */,
				2C9928F827595203000DEFDD /* DeMarcbenderSortablegridViewProxy.h in Headers */,
				2C07CD33276982C20002D8F0 /* BMDragCollectionViewCell.h in Headers */,
				2C07CD202769654A0002D8F0 /* BMDragCellCollectionView.h in Headers */,
				2CB10A51276FA51D00714E70 /* DeMarcbenderSortablegridItemProxy.h in Headers */,
				24DE9E1111C5FE74003F90F6 /* DeMarcbenderSortablegridModuleAssets.h in Headers */,
			);
			runOnlyForDeploymentPostprocessing = 0;
		};
/* End PBXHeadersBuildPhase section */

/* Begin PBXNativeTarget section */
		D2AAC07D0554694100DB518D /* ti.sortablegrid */ = {
			isa = PBXNativeTarget;
			buildConfigurationList = 1DEB921E08733DC00010E9CD /* Build configuration list for PBXNativeTarget "ti.sortablegrid" */;
			buildPhases = (
				D2AAC07A0554694100DB518D /* Headers */,
				D2AAC07B0554694100DB518D /* Sources */,
				D2AAC07C0554694100DB518D /* Frameworks */,
			);
			buildRules = (
			);
			dependencies = (
			);
			name = ti.sortablegrid;
			productName = ti.sortablegrid;
			productReference = D2AAC07E0554694100DB518D /* libde.marcbender.sortablegrid.a */;
			productType = "com.apple.product-type.library.static";
		};
/* End PBXNativeTarget section */

/* Begin PBXProject section */
		0867D690FE84028FC02AAC07 /* Project object */ = {
			isa = PBXProject;
			attributes = {
				LastUpgradeCheck = 1310;
			};
			buildConfigurationList = 1DEB922208733DC00010E9CD /* Build configuration list for PBXProject "ti.sortablegrid" */;
			compatibilityVersion = "Xcode 9.3";
			developmentRegion = en;
			hasScannedForEncodings = 1;
			knownRegions = (
				de,
				ja,
				Base,
				en,
				fr,
			);
			mainGroup = 0867D691FE84028FC02AAC07 /* ti.sortablegrid */;
			productRefGroup = 034768DFFF38A50411DB9C8B /* Products */;
			projectDirPath = "";
			projectRoot = "";
			targets = (
				D2AAC07D0554694100DB518D /* ti.sortablegrid */,
				24416B8111C4CA220047AFDD /* Build & Test */,
			);
		};
/* End PBXProject section */

/* Begin PBXShellScriptBuildPhase section */
		24416B8011C4CA220047AFDD /* ShellScript */ = {
			isa = PBXShellScriptBuildPhase;
			buildActionMask = 2147483647;
			files = (
			);
			inputPaths = (
			);
			outputPaths = (
			);
			runOnlyForDeploymentPostprocessing = 0;
			shellPath = /bin/sh;
			shellScript = "# shell script goes here\n\nappc run --project-dir \"${PROJECT_DIR}\"\nexit $?\n";
		};
/* End PBXShellScriptBuildPhase section */

/* Begin PBXSourcesBuildPhase section */
		D2AAC07B0554694100DB518D /* Sources */ = {
			isa = PBXSourcesBuildPhase;
			buildActionMask = 2147483647;
			files = (
				24DD6CFA1134B3F500162E58 /* DeMarcbenderSortablegridModule.m in Sources */,
				2C9928F227595203000DEFDD /* DeMarcbenderSortablegridView.m in Sources */,
				2C07CD1F2769654A0002D8F0 /* BMDragCellCollectionView.m in Sources */,
				2C393A19276D25E500886884 /* XHWaterfallFlowLayout.m in Sources */,
				2CB10A53276FA51D00714E70 /* DeMarcbenderSortablegridItem.m in Sources */,
				2CB10A52276FA51D00714E70 /* DeMarcbenderSortablegridItemProxy.m in Sources */,
				24DE9E1211C5FE74003F90F6 /* DeMarcbenderSortablegridModuleAssets.m in Sources */,
				2C07CD34276982C20002D8F0 /* BMDragCollectionViewCell.m in Sources */,
				2C9928F727595203000DEFDD /* DeMarcbenderSortablegridViewProxy.m in Sources */,
			);
			runOnlyForDeploymentPostprocessing = 0;
		};
/* End PBXSourcesBuildPhase section */

/* Begin PBXTargetDependency section */
		24416B8511C4CA280047AFDD /* PBXTargetDependency */ = {
			isa = PBXTargetDependency;
			target = D2AAC07D0554694100DB518D /* ti.sortablegrid */;
			targetProxy = 24416B8411C4CA280047AFDD /* PBXContainerItemProxy */;
		};
/* End PBXTargetDependency section */

/* Begin XCBuildConfiguration section */
		1DEB921F08733DC00010E9CD /* Debug */ = {
			isa = XCBuildConfiguration;
			baseConfigurationReference = 24DD6D1B1134B66800162E58 /* titanium.xcconfig */;
			buildSettings = {
				CLANG_CXX_LANGUAGE_STANDARD = "compiler-default";
				CLANG_ENABLE_OBJC_ARC = NO;
				CODE_SIGN_IDENTITY = "iPhone Developer";
				"CODE_SIGN_IDENTITY[sdk=iphoneos*]" = "iPhone Developer";
				DSTROOT = /tmp/DeMarcbenderSortablegrid.dst;
				GCC_C_LANGUAGE_STANDARD = c99;
				GCC_OPTIMIZATION_LEVEL = 0;
				GCC_PRECOMPILE_PREFIX_HEADER = YES;
				GCC_PREFIX_HEADER = DeMarcbenderSortablegrid_Prefix.pch;
				GCC_PREPROCESSOR_DEFINITIONS = "TI_VERSION=$(TI_VERSION)";
				GCC_TREAT_WARNINGS_AS_ERRORS = NO;
				GCC_VERSION = "";
				GCC_WARN_ABOUT_RETURN_TYPE = NO;
				GCC_WARN_MISSING_PARENTHESES = NO;
				GCC_WARN_SHADOW = NO;
				GCC_WARN_STRICT_SELECTOR_MATCH = NO;
				GCC_WARN_UNUSED_FUNCTION = YES;
				GCC_WARN_UNUSED_PARAMETER = NO;
				GCC_WARN_UNUSED_VALUE = NO;
				GCC_WARN_UNUSED_VARIABLE = NO;
				INSTALL_PATH = /usr/local/lib;
				IPHONEOS_DEPLOYMENT_TARGET = 13.0;
				LIBRARY_SEARCH_PATHS = "";
				OTHER_CFLAGS = (
					"-DDEBUG",
					"-DTI_POST_1_2",
				);
				OTHER_LDFLAGS = "-ObjC";
				PRODUCT_NAME = de.marcbender.sortablegrid;
				PROVISIONING_PROFILE = "";
				"PROVISIONING_PROFILE[sdk=iphoneos*]" = "";
				RUN_CLANG_STATIC_ANALYZER = NO;
				SDKROOT = iphoneos;
				USER_HEADER_SEARCH_PATHS = "";
				WARNING_CFLAGS = "-Wno-arc-performSelector-leaks";
			};
			name = Debug;
		};
		1DEB922008733DC00010E9CD /* Release */ = {
			isa = XCBuildConfiguration;
			baseConfigurationReference = 24DD6D1B1134B66800162E58 /* titanium.xcconfig */;
			buildSettings = {
				ALWAYS_SEARCH_USER_PATHS = NO;
				CLANG_CXX_LANGUAGE_STANDARD = "compiler-default";
				CLANG_ENABLE_OBJC_ARC = NO;
				DEPLOYMENT_POSTPROCESSING = YES;
				DSTROOT = /tmp/DeMarcbenderSortablegrid.dst;
				GCC_C_LANGUAGE_STANDARD = c99;
				GCC_MODEL_TUNING = G5;
				GCC_PRECOMPILE_PREFIX_HEADER = YES;
				GCC_PREFIX_HEADER = DeMarcbenderSortablegrid_Prefix.pch;
				GCC_PREPROCESSOR_DEFINITIONS = (
					"TI_VERSION=$(TI_VERSION)",
					NDEBUG,
				);
				GCC_TREAT_WARNINGS_AS_ERRORS = NO;
				GCC_VERSION = "";
				GCC_WARN_ABOUT_RETURN_TYPE = NO;
				GCC_WARN_MISSING_PARENTHESES = NO;
				GCC_WARN_SHADOW = NO;
				GCC_WARN_STRICT_SELECTOR_MATCH = NO;
				GCC_WARN_UNUSED_FUNCTION = YES;
				GCC_WARN_UNUSED_PARAMETER = NO;
				GCC_WARN_UNUSED_VALUE = NO;
				GCC_WARN_UNUSED_VARIABLE = NO;
				INSTALL_PATH = /usr/local/lib;
				IPHONEOS_DEPLOYMENT_TARGET = 13.0;
				LIBRARY_SEARCH_PATHS = "";
				OTHER_CFLAGS = "-DTI_POST_1_2";
				OTHER_LDFLAGS = "-ObjC";
				PRODUCT_NAME = de.marcbender.sortablegrid;
				RUN_CLANG_STATIC_ANALYZER = NO;
				SDKROOT = iphoneos;
				USER_HEADER_SEARCH_PATHS = "";
				WARNING_CFLAGS = "-Wno-arc-performSelector-leaks";
			};
			name = Release;
		};
		1DEB922308733DC00010E9CD /* Debug */ = {
			isa = XCBuildConfiguration;
			baseConfigurationReference = 24DD6D1B1134B66800162E58 /* titanium.xcconfig */;
			buildSettings = {
				CLANG_ANALYZER_LOCALIZABILITY_NONLOCALIZED = YES;
				CLANG_ANALYZER_NONNULL = YES;
				CLANG_ANALYZER_NUMBER_OBJECT_CONVERSION = YES_AGGRESSIVE;
				CLANG_CXX_LANGUAGE_STANDARD = "gnu++14";
				CLANG_CXX_LIBRARY = "libc++";
				CLANG_ENABLE_MODULES = YES;
				CLANG_ENABLE_OBJC_ARC = NO;
				CLANG_ENABLE_OBJC_WEAK = YES;
				CLANG_WARN_BLOCK_CAPTURE_AUTORELEASING = YES;
				CLANG_WARN_BOOL_CONVERSION = YES;
				CLANG_WARN_COMMA = YES;
				CLANG_WARN_CONSTANT_CONVERSION = YES;
				CLANG_WARN_DEPRECATED_OBJC_IMPLEMENTATIONS = YES;
				CLANG_WARN_DIRECT_OBJC_ISA_USAGE = YES_ERROR;
				CLANG_WARN_DOCUMENTATION_COMMENTS = YES;
				CLANG_WARN_EMPTY_BODY = YES;
				CLANG_WARN_ENUM_CONVERSION = YES;
				CLANG_WARN_INFINITE_RECURSION = YES;
				CLANG_WARN_INT_CONVERSION = YES;
				CLANG_WARN_NON_LITERAL_NULL_CONVERSION = YES;
				CLANG_WARN_OBJC_IMPLICIT_RETAIN_SELF = YES;
				CLANG_WARN_OBJC_LITERAL_CONVERSION = YES;
				CLANG_WARN_OBJC_ROOT_CLASS = YES_ERROR;
				CLANG_WARN_QUOTED_INCLUDE_IN_FRAMEWORK_HEADER = YES;
				CLANG_WARN_RANGE_LOOP_ANALYSIS = YES;
				CLANG_WARN_STRICT_PROTOTYPES = YES;
				CLANG_WARN_SUSPICIOUS_MOVE = YES;
				CLANG_WARN_UNGUARDED_AVAILABILITY = YES_AGGRESSIVE;
				CLANG_WARN_UNREACHABLE_CODE = YES;
				CLANG_WARN__DUPLICATE_METHOD_MATCH = YES;
				CODE_SIGN_IDENTITY = "iPhone Developer";
				"CODE_SIGN_IDENTITY[sdk=iphoneos*]" = "iPhone Developer";
				DSTROOT = /tmp/DeMarcbenderSortablegrid.dst;
				ENABLE_STRICT_OBJC_MSGSEND = YES;
				ENABLE_TESTABILITY = YES;
				GCC_C_LANGUAGE_STANDARD = c99;
				GCC_NO_COMMON_BLOCKS = YES;
				GCC_OPTIMIZATION_LEVEL = 0;
				GCC_PRECOMPILE_PREFIX_HEADER = YES;
				GCC_PREFIX_HEADER = DeMarcbenderSortablegrid_Prefix.pch;
				GCC_PREPROCESSOR_DEFINITIONS = "TI_VERSION=$(TI_VERSION)";
				GCC_TREAT_WARNINGS_AS_ERRORS = NO;
				GCC_VERSION = "";
				GCC_WARN_64_TO_32_BIT_CONVERSION = YES;
				GCC_WARN_ABOUT_RETURN_TYPE = NO;
				GCC_WARN_MISSING_PARENTHESES = NO;
				GCC_WARN_SHADOW = NO;
				GCC_WARN_STRICT_SELECTOR_MATCH = NO;
				GCC_WARN_UNDECLARED_SELECTOR = YES;
				GCC_WARN_UNINITIALIZED_AUTOS = YES;
				GCC_WARN_UNUSED_FUNCTION = YES;
				GCC_WARN_UNUSED_PARAMETER = NO;
				GCC_WARN_UNUSED_VALUE = NO;
				GCC_WARN_UNUSED_VARIABLE = NO;
				INSTALL_PATH = /usr/local/lib;
				IPHONEOS_DEPLOYMENT_TARGET = 13.0;
				ONLY_ACTIVE_ARCH = YES;
				OTHER_CFLAGS = (
					"-DDEBUG",
					"-DTI_POST_1_2",
				);
				OTHER_LDFLAGS = "-ObjC";
				PRODUCT_NAME = de.marcbender.sortablegrid;
				PROVISIONING_PROFILE = "";
				"PROVISIONING_PROFILE[sdk=iphoneos*]" = "";
				RUN_CLANG_STATIC_ANALYZER = NO;
				SDKROOT = iphoneos;
				TARGETED_DEVICE_FAMILY = "1,2,6";
				USER_HEADER_SEARCH_PATHS = "";
			};
			name = Debug;
		};
		1DEB922408733DC00010E9CD /* Release */ = {
			isa = XCBuildConfiguration;
			baseConfigurationReference = 24DD6D1B1134B66800162E58 /* titanium.xcconfig */;
			buildSettings = {
				ALWAYS_SEARCH_USER_PATHS = NO;
				CLANG_ANALYZER_LOCALIZABILITY_NONLOCALIZED = YES;
				CLANG_ANALYZER_NONNULL = YES;
				CLANG_ANALYZER_NUMBER_OBJECT_CONVERSION = YES_AGGRESSIVE;
				CLANG_CXX_LANGUAGE_STANDARD = "gnu++14";
				CLANG_CXX_LIBRARY = "libc++";
				CLANG_ENABLE_MODULES = YES;
				CLANG_ENABLE_OBJC_ARC = NO;
				CLANG_ENABLE_OBJC_WEAK = YES;
				CLANG_WARN_BLOCK_CAPTURE_AUTORELEASING = YES;
				CLANG_WARN_BOOL_CONVERSION = YES;
				CLANG_WARN_COMMA = YES;
				CLANG_WARN_CONSTANT_CONVERSION = YES;
				CLANG_WARN_DEPRECATED_OBJC_IMPLEMENTATIONS = YES;
				CLANG_WARN_DIRECT_OBJC_ISA_USAGE = YES_ERROR;
				CLANG_WARN_DOCUMENTATION_COMMENTS = YES;
				CLANG_WARN_EMPTY_BODY = YES;
				CLANG_WARN_ENUM_CONVERSION = YES;
				CLANG_WARN_INFINITE_RECURSION = YES;
				CLANG_WARN_INT_CONVERSION = YES;
				CLANG_WARN_NON_LITERAL_NULL_CONVERSION = YES;
				CLANG_WARN_OBJC_IMPLICIT_RETAIN_SELF = YES;
				CLANG_WARN_OBJC_LITERAL_CONVERSION = YES;
				CLANG_WARN_OBJC_ROOT_CLASS = YES_ERROR;
				CLANG_WARN_QUOTED_INCLUDE_IN_FRAMEWORK_HEADER = YES;
				CLANG_WARN_RANGE_LOOP_ANALYSIS = YES;
				CLANG_WARN_STRICT_PROTOTYPES = YES;
				CLANG_WARN_SUSPICIOUS_MOVE = YES;
				CLANG_WARN_UNGUARDED_AVAILABILITY = YES_AGGRESSIVE;
				CLANG_WARN_UNREACHABLE_CODE = YES;
				CLANG_WARN__DUPLICATE_METHOD_MATCH = YES;
				DSTROOT = /tmp/DeMarcbenderSortablegrid.dst;
				ENABLE_STRICT_OBJC_MSGSEND = YES;
				GCC_C_LANGUAGE_STANDARD = c99;
				GCC_MODEL_TUNING = G5;
				GCC_NO_COMMON_BLOCKS = YES;
				GCC_PRECOMPILE_PREFIX_HEADER = YES;
				GCC_PREFIX_HEADER = DeMarcbenderSortablegrid_Prefix.pch;
				GCC_PREPROCESSOR_DEFINITIONS = "TI_VERSION=$(TI_VERSION)";
				GCC_TREAT_WARNINGS_AS_ERRORS = NO;
				GCC_VERSION = "";
				GCC_WARN_64_TO_32_BIT_CONVERSION = YES;
				GCC_WARN_ABOUT_RETURN_TYPE = NO;
				GCC_WARN_MISSING_PARENTHESES = NO;
				GCC_WARN_SHADOW = NO;
				GCC_WARN_STRICT_SELECTOR_MATCH = NO;
				GCC_WARN_UNDECLARED_SELECTOR = YES;
				GCC_WARN_UNINITIALIZED_AUTOS = YES;
				GCC_WARN_UNUSED_FUNCTION = YES;
				GCC_WARN_UNUSED_PARAMETER = NO;
				GCC_WARN_UNUSED_VALUE = NO;
				GCC_WARN_UNUSED_VARIABLE = NO;
				INSTALL_PATH = /usr/local/lib;
				IPHONEOS_DEPLOYMENT_TARGET = 13.0;
				OTHER_CFLAGS = "-DTI_POST_1_2";
				OTHER_LDFLAGS = "-ObjC";
				PRODUCT_NAME = de.marcbender.sortablegrid;
				RUN_CLANG_STATIC_ANALYZER = NO;
				SDKROOT = iphoneos;
				TARGETED_DEVICE_FAMILY = "1,2,6";
				USER_HEADER_SEARCH_PATHS = "";
			};
			name = Release;
		};
		24416B8211C4CA220047AFDD /* Debug */ = {
			isa = XCBuildConfiguration;
			baseConfigurationReference = 24DD6D1B1134B66800162E58 /* titanium.xcconfig */;
			buildSettings = {
				COPY_PHASE_STRIP = NO;
				GCC_DYNAMIC_NO_PIC = NO;
				GCC_OPTIMIZATION_LEVEL = 0;
				PRODUCT_NAME = "Build & test";
			};
			name = Debug;
		};
		24416B8311C4CA220047AFDD /* Release */ = {
			isa = XCBuildConfiguration;
			baseConfigurationReference = 24DD6D1B1134B66800162E58 /* titanium.xcconfig */;
			buildSettings = {
				COPY_PHASE_STRIP = YES;
				DEBUG_INFORMATION_FORMAT = "dwarf-with-dsym";
				PRODUCT_NAME = "Build & test";
				ZERO_LINK = NO;
			};
			name = Release;
		};
/* End XCBuildConfiguration section */

/* Begin XCConfigurationList section */
		1DEB921E08733DC00010E9CD /* Build configuration list for PBXNativeTarget "ti.sortablegrid" */ = {
			isa = XCConfigurationList;
			buildConfigurations = (
				1DEB921F08733DC00010E9CD /* Debug */,
				1DEB922008733DC00010E9CD /* Release */,
			);
			defaultConfigurationIsVisible = 0;
			defaultConfigurationName = Release;
		};
		1DEB922208733DC00010E9CD /* Build configuration list for PBXProject "ti.sortablegrid" */ = {
			isa = XCConfigurationList;
			buildConfigurations = (
				1DEB922308733DC00010E9CD /* Debug */,
				1DEB922408733DC00010E9CD /* Release */,
			);
			defaultConfigurationIsVisible = 0;
			defaultConfigurationName = Release;
		};
		24416B8A11C4CA520047AFDD /* Build configuration list for PBXAggregateTarget "Build & Test" */ = {
			isa = XCConfigurationList;
			buildConfigurations = (
				24416B8211C4CA220047AFDD /* Debug */,
				24416B8311C4CA220047AFDD /* Release */,
			);
			defaultConfigurationIsVisible = 0;
			defaultConfigurationName = Release;
		};
/* End XCConfigurationList section */
	};
	rootObject = 0867D690FE84028FC02AAC07 /* Project object */;
}
